Microsoft Visual Studio Solution File, Format Version 12.00
# Visual Studio 15
VisualStudioVersion = 15.0.26730.0
MinimumVisualStudioVersion = 15.0.26124.0
Project("{2150E333-8FDC-42A3-9474-1A3956D46DE8}") = ".paket", ".paket", "{664B42ED-9637-49FA-9AAD-37862B5FA5FE}"
	ProjectSection(SolutionItems) = preProject
		paket.dependencies = paket.dependencies
	EndProjectSection
EndProject
Project("{2150E333-8FDC-42A3-9474-1A3956D46DE8}") = "src", "src", "{2A739E46-5DDD-4D80-8CDE-5E13FD10F8B9}"
EndProject
Project("{F2A71F9B-5D33-465A-A702-920D77279786}") = "FSharp.EdIlyin.Core", "src\FSharp.EdIlyin.Core\FSharp.EdIlyin.Core.fsproj", "{A7ED5FF1-4BA0-4FC9-BCDB-8D3A3F2DEB0A}"
EndProject
Global
	GlobalSection(SolutionConfigurationPlatforms) = preSolution
		Debug|Any CPU = Debug|Any CPU
		Release|Any CPU = Release|Any CPU
	EndGlobalSection
	GlobalSection(ProjectConfigurationPlatforms) = postSolution
		{A7ED5FF1-4BA0-4FC9-BCDB-8D3A3F2DEB0A}.Debug|Any CPU.ActiveCfg = Debug|Any CPU
		{A7ED5FF1-4BA0-4FC9-BCDB-8D3A3F2DEB0A}.Debug|Any CPU.Build.0 = Debug|Any CPU
		{A7ED5FF1-4BA0-4FC9-BCDB-8D3A3F2DEB0A}.Release|Any CPU.ActiveCfg = Release|Any CPU
		{A7ED5FF1-4BA0-4FC9-BCDB-8D3A3F2DEB0A}.Release|Any CPU.Build.0 = Release|Any CPU
	EndGlobalSection
	GlobalSection(SolutionProperties) = preSolution
		HideSolutionNode = FALSE
	EndGlobalSection
	GlobalSection(NestedProjects) = preSolution
		{A7ED5FF1-4BA0-4FC9-BCDB-8D3A3F2DEB0A} = {2A739E46-5DDD-4D80-8CDE-5E13FD10F8B9}
	EndGlobalSection
	GlobalSection(ExtensibilityGlobals) = postSolution
		SolutionGuid = {97E64667-2381-49BD-B536-282EC456A1D9}
	EndGlobalSection
EndGlobal
