
Microsoft Visual Studio Solution File, Format Version 12.00
# Visual Studio 2012
Project("{2150E333-8FDC-42A3-9474-1A3956D46DE8}") = ".paket", ".paket", "{63297B98-5CED-492C-A5B7-A5B4F73CF142}"
	ProjectSection(SolutionItems) = preProject
		paket.dependencies = paket.dependencies
		paket.lock = paket.lock
	EndProjectSection
EndProject
Project("{F2A71F9B-5D33-465A-A702-920D77279786}") = "FSharp.EdIlyin.Core", "src\FSharp.EdIlyin.Core\FSharp.EdIlyin.Core.fsproj", "{31660790-F430-442C-8094-FEAC335F560A}"
EndProject
Global
	GlobalSection(SolutionConfigurationPlatforms) = preSolution
		Debug|Any CPU = Debug|Any CPU
		Release|Any CPU = Release|Any CPU
	EndGlobalSection
	GlobalSection(ProjectConfigurationPlatforms) = postSolution
		{31660790-F430-442C-8094-FEAC335F560A}.Debug|Any CPU.ActiveCfg = Debug|Any CPU
		{31660790-F430-442C-8094-FEAC335F560A}.Debug|Any CPU.Build.0 = Debug|Any CPU
		{31660790-F430-442C-8094-FEAC335F560A}.Release|Any CPU.ActiveCfg = Release|Any CPU
		{31660790-F430-442C-8094-FEAC335F560A}.Release|Any CPU.Build.0 = Release|Any CPU
	EndGlobalSection
	GlobalSection(SolutionProperties) = preSolution
		HideSolutionNode = FALSE
	EndGlobalSection
EndGlobal
