Microsoft Visual Studio Solution File, Format Version 12.00
# Visual Studio 15
VisualStudioVersion = 15.0.26711.1
MinimumVisualStudioVersion = 15.0.26124.0
Project("{2150E333-8FDC-42A3-9474-1A3956D46DE8}") = "src", "src", "{CF282ADB-7490-4191-B7C1-11F349E1863E}"
EndProject
Project("{6EC3EE1D-3C4E-46DD-8F32-0CC8E7565705}") = "FSharp.EdIlyin.Core", "src\FSharp.EdIlyin.Core\FSharp.EdIlyin.Core.fsproj", "{3CDF45BF-F644-400B-8104-4E9C53C543DA}"
EndProject
Global
	GlobalSection(SolutionConfigurationPlatforms) = preSolution
		Debug|Any CPU = Debug|Any CPU
		Debug|x64 = Debug|x64
		Debug|x86 = Debug|x86
		Release|Any CPU = Release|Any CPU
		Release|x64 = Release|x64
		Release|x86 = Release|x86
	EndGlobalSection
	GlobalSection(ProjectConfigurationPlatforms) = postSolution
		{3CDF45BF-F644-400B-8104-4E9C53C543DA}.Debug|Any CPU.ActiveCfg = Debug|Any CPU
		{3CDF45BF-F644-400B-8104-4E9C53C543DA}.Debug|Any CPU.Build.0 = Debug|Any CPU
		{3CDF45BF-F644-400B-8104-4E9C53C543DA}.Debug|x64.ActiveCfg = Debug|Any CPU
		{3CDF45BF-F644-400B-8104-4E9C53C543DA}.Debug|x64.Build.0 = Debug|Any CPU
		{3CDF45BF-F644-400B-8104-4E9C53C543DA}.Debug|x86.ActiveCfg = Debug|Any CPU
		{3CDF45BF-F644-400B-8104-4E9C53C543DA}.Debug|x86.Build.0 = Debug|Any CPU
		{3CDF45BF-F644-400B-8104-4E9C53C543DA}.Release|Any CPU.ActiveCfg = Release|Any CPU
		{3CDF45BF-F644-400B-8104-4E9C53C543DA}.Release|Any CPU.Build.0 = Release|Any CPU
		{3CDF45BF-F644-400B-8104-4E9C53C543DA}.Release|x64.ActiveCfg = Release|Any CPU
		{3CDF45BF-F644-400B-8104-4E9C53C543DA}.Release|x64.Build.0 = Release|Any CPU
		{3CDF45BF-F644-400B-8104-4E9C53C543DA}.Release|x86.ActiveCfg = Release|Any CPU
		{3CDF45BF-F644-400B-8104-4E9C53C543DA}.Release|x86.Build.0 = Release|Any CPU
	EndGlobalSection
	GlobalSection(SolutionProperties) = preSolution
		HideSolutionNode = FALSE
	EndGlobalSection
	GlobalSection(NestedProjects) = preSolution
		{3CDF45BF-F644-400B-8104-4E9C53C543DA} = {CF282ADB-7490-4191-B7C1-11F349E1863E}
	EndGlobalSection
	GlobalSection(ExtensibilityGlobals) = postSolution
		SolutionGuid = {A1CAE5E4-8591-42B1-8E68-28ED7A00F5DA}
	EndGlobalSection
EndGlobal
